
Microsoft Visual Studio Solution File, Format Version 12.00
# Visual Studio 14
VisualStudioVersion = 14.0.25123.0
MinimumVisualStudioVersion = 10.0.40219.1
Project("{FAE04EC0-301F-11D3-BF4B-00C04F79EFBC}") = "WildMath", "WildMath\WildMath.csproj", "{6488D2FA-E3DB-49E8-A43F-8C4D95DDC406}"
EndProject
Project("{FAE04EC0-301F-11D3-BF4B-00C04F79EFBC}") = "WMConsole", "WMConsole\WMConsole.csproj", "{F3EF90E6-6794-434E-B46F-FD0AFBAAAE7B}"
	ProjectSection(ProjectDependencies) = postProject
		{6488D2FA-E3DB-49E8-A43F-8C4D95DDC406} = {6488D2FA-E3DB-49E8-A43F-8C4D95DDC406}
	EndProjectSection
EndProject
Global
	GlobalSection(SolutionConfigurationPlatforms) = preSolution
		Debug|Any CPU = Debug|Any CPU
		Release|Any CPU = Release|Any CPU
	EndGlobalSection
	GlobalSection(ProjectConfigurationPlatforms) = postSolution
		{6488D2FA-E3DB-49E8-A43F-8C4D95DDC406}.Debug|Any CPU.ActiveCfg = Debug|Any CPU
		{6488D2FA-E3DB-49E8-A43F-8C4D95DDC406}.Debug|Any CPU.Build.0 = Debug|Any CPU
		{6488D2FA-E3DB-49E8-A43F-8C4D95DDC406}.Release|Any CPU.ActiveCfg = Release|Any CPU
		{6488D2FA-E3DB-49E8-A43F-8C4D95DDC406}.Release|Any CPU.Build.0 = Release|Any CPU
		{F3EF90E6-6794-434E-B46F-FD0AFBAAAE7B}.Debug|Any CPU.ActiveCfg = Debug|Any CPU
		{F3EF90E6-6794-434E-B46F-FD0AFBAAAE7B}.Debug|Any CPU.Build.0 = Debug|Any CPU
		{F3EF90E6-6794-434E-B46F-FD0AFBAAAE7B}.Release|Any CPU.ActiveCfg = Release|Any CPU
		{F3EF90E6-6794-434E-B46F-FD0AFBAAAE7B}.Release|Any CPU.Build.0 = Release|Any CPU
	EndGlobalSection
	GlobalSection(SolutionProperties) = preSolution
		HideSolutionNode = FALSE
	EndGlobalSection
EndGlobal
